{
    "version": 3,
    "terraform_version": "0.11.11",
    "serial": 89,
    "lineage": "ff629c9f-3006-e6a4-b900-c95e77260437",
    "modules": [
        {
            "path": [
                "root"
            ],
            "outputs": {},
            "resources": {
                "data.ibm_compute_ssh_key.key_1": {
                    "type": "ibm_compute_ssh_key",
                    "depends_on": [],
                    "primary": {
                        "id": "1432849",
                        "attributes": {
                            "fingerprint": "49:73:76:5d:83:a4:dc:9c:57:c4:f7:5b:17:af:b6:a9",
                            "id": "1432849",
                            "label": "y19m05",
                            "most_recent": "false",
                            "notes": "",
                            "public_key": "ssh-rsa AAAAB3NzaC1yc2EAAAADAQABAAACAQDawgux7227+hFO/j8I81J3QfUQI2qKCVSrvQ+z2Z2rouyAwUILknR0GNCxOg9nePSheBhlywkOJwVYHBvxFHoLDNcYJQONqYEevi/Pcoin52wmamGwLwozGpmA1O7yXRJPOovCiGHTuHNr7hKvlkOJLwIoGX9YdxirAdlpvIJ479u8hJtNebAehsRjqxrgpeGQFbksx7hLytY0GUORplR7V3RKT9VHJxeiJLypcOMqVKrOuqhxITJ/SQ9SaijnDscZRMVu5kJJzaT5mzw080imw8sGrDj1C9Sh7zV9c9Fedtc5RJEZSXu8ZRElQkZ1XDpZeviHTwlBaFSJm6A7MysEE4M7PNGAjjPUswo85mMWenI751k+1N6t+wqh6kCxkqbBLrRTjfpDLfUOYLPDrS3NwgsTuk3Ry0dVIGO2lgyfsfMjFAGZpMpMpO0lB8TVjtdzDKjbgkucP2LESfUyYiGaafCKxYzTeJQwTqEy2JnKfqKYpD2oSBlokxMVOlMT2Y7hOwdgdPovimbusJ9FABCRuAlVExRk4mzVDJAZZk5UNyYGITwS4ZO7nOOwrZ9uTBQquGWuc6V9LSROSSVAFK4pUM0ySIG31Tkvjd98hOCy9lWhLFetnxKkMvKb3DP9EuSDNLUk89oshyvSZB0hTq/iWIbouJnq37D0TIqAc4GV3w== honginpyo1@hanmail.net"
                        },
                        "meta": {},
                        "tainted": false
                    },
                    "deposed": [],
                    "provider": "provider.ibm"
                },
                "data.ibm_dns_domain.domain_vm": {
                    "type": "ibm_dns_domain",
                    "depends_on": [],
                    "primary": {
                        "id": "2607589",
                        "attributes": {
                            "id": "2607589",
                            "name": "inppyyoo.net"
                        },
                        "meta": {},
                        "tainted": false
                    },
                    "deposed": [],
                    "provider": "provider.ibm"
                },
                "ibm_compute_vm_instance.fra05": {
                    "type": "ibm_compute_vm_instance",
                    "depends_on": [
                        "data.ibm_compute_ssh_key.key_1",
                        "data.ibm_dns_domain.domain_vm"
                    ],
                    "primary": {
                        "id": "81280995",
                        "attributes": {
                            "block_storage_ids.#": "0",
                            "cores": "1",
                            "datacenter": "fra05",
                            "dedicated_acct_host_only": "false",
                            "disks.#": "0",
                            "domain": "inppyyoo.net",
                            "file_storage_ids.#": "0",
                            "flavor_key_name": "B1_1X2X25",
                            "hostname": "fra05",
                            "hourly_billing": "true",
                            "id": "81280995",
                            "ip_address_id": "133388005",
                            "ip_address_id_private": "133388053",
                            "ipv4_address": "149.81.108.34",
                            "ipv4_address_private": "10.123.47.2",
                            "ipv6_enabled": "false",
                            "ipv6_static_enabled": "false",
                            "local_disk": "false",
                            "memory": "2048",
                            "network_speed": "100",
                            "notes": "",
                            "os_reference_code": "UBUNTU_16_64",
                            "private_interface_id": "49148909",
                            "private_network_only": "false",
                            "private_security_group_ids.#": "0",
                            "private_subnet": "10.123.47.0/26",
                            "private_subnet_id": "1804663",
                            "private_vlan_id": "2626949",
                            "public_bandwidth_unlimited": "false",
                            "public_interface_id": "49148911",
                            "public_security_group_ids.#": "0",
                            "public_subnet": "149.81.108.32/28",
                            "public_subnet_id": "2024065",
                            "public_vlan_id": "2626935",
                            "secondary_ip_addresses.#": "0",
                            "ssh_key_ids.#": "1",
                            "ssh_key_ids.1432849": "1432849",
                            "tags.#": "1",
                            "tags.3608948244": "ping-test",
                            "transient": "true",
                            "wait_time_minutes": "15"
                        },
                        "meta": {},
                        "tainted": true
                    },
                    "deposed": [],
                    "provider": "provider.ibm"
                },
                "ibm_compute_vm_instance.lon06": {
                    "type": "ibm_compute_vm_instance",
                    "depends_on": [
                        "data.ibm_compute_ssh_key.key_1",
                        "data.ibm_dns_domain.domain_vm"
                    ],
                    "primary": {
                        "id": "81280993",
                        "attributes": {
                            "block_storage_ids.#": "0",
                            "cores": "1",
                            "datacenter": "lon06",
                            "dedicated_acct_host_only": "false",
                            "disks.#": "0",
                            "domain": "inppyyoo.net",
                            "file_storage_ids.#": "0",
                            "flavor_key_name": "B1_1X2X25",
                            "hostname": "lon06",
                            "hourly_billing": "true",
                            "id": "81280993",
                            "ip_address_id": "133389049",
                            "ip_address_id_private": "133389463",
                            "ipv4_address": "158.176.86.212",
                            "ipv4_address_private": "10.72.174.207",
                            "ipv6_enabled": "false",
                            "ipv6_static_enabled": "false",
                            "local_disk": "false",
                            "memory": "2048",
                            "network_speed": "100",
                            "notes": "",
                            "os_reference_code": "UBUNTU_16_64",
                            "private_interface_id": "49148917",
                            "private_network_only": "false",
                            "private_security_group_ids.#": "0",
                            "private_subnet": "10.72.174.192/26",
                            "private_subnet_id": "2005103",
                            "private_vlan_id": "2626963",
                            "public_bandwidth_unlimited": "false",
                            "public_interface_id": "49148919",
                            "public_security_group_ids.#": "0",
                            "public_subnet": "158.176.86.208/28",
                            "public_subnet_id": "1746979",
                            "public_vlan_id": "2626955",
                            "secondary_ip_addresses.#": "0",
                            "ssh_key_ids.#": "1",
                            "ssh_key_ids.1432849": "1432849",
                            "tags.#": "1",
                            "tags.3608948244": "ping-test",
                            "transient": "true",
                            "wait_time_minutes": "15"
                        },
                        "meta": {},
                        "tainted": true
                    },
                    "deposed": [],
                    "provider": "provider.ibm"
                },
                "ibm_compute_vm_instance.mon01": {
                    "type": "ibm_compute_vm_instance",
                    "depends_on": [
                        "data.ibm_compute_ssh_key.key_1",
                        "data.ibm_dns_domain.domain_vm"
                    ],
                    "primary": {
                        "id": "81280999",
                        "attributes": {
                            "block_storage_ids.#": "0",
                            "cores": "1",
                            "datacenter": "mon01",
                            "dedicated_acct_host_only": "false",
                            "disks.#": "0",
                            "domain": "inppyyoo.net",
                            "file_storage_ids.#": "0",
                            "flavor_key_name": "B1_1X2X25",
                            "hostname": "mon01",
                            "hourly_billing": "true",
                            "id": "81280999",
                            "ip_address_id": "133388119",
                            "ip_address_id_private": "133388167",
                            "ipv4_address": "169.45.53.147",
                            "ipv4_address_private": "10.182.26.3",
                            "ipv6_enabled": "false",
                            "ipv6_static_enabled": "false",
                            "local_disk": "false",
                            "memory": "2048",
                            "network_speed": "100",
                            "notes": "",
                            "os_reference_code": "UBUNTU_16_64",
                            "private_interface_id": "49148893",
                            "private_network_only": "false",
                            "private_security_group_ids.#": "0",
                            "private_subnet": "10.182.26.0/26",
                            "private_subnet_id": "1261655",
                            "private_vlan_id": "2626941",
                            "public_bandwidth_unlimited": "false",
                            "public_interface_id": "49148895",
                            "public_security_group_ids.#": "0",
                            "public_subnet": "169.45.53.144/28",
                            "public_subnet_id": "2080797",
                            "public_vlan_id": "2626931",
                            "secondary_ip_addresses.#": "0",
                            "ssh_key_ids.#": "1",
                            "ssh_key_ids.1432849": "1432849",
                            "tags.#": "1",
                            "tags.3608948244": "ping-test",
                            "transient": "true",
                            "wait_time_minutes": "15"
                        },
                        "meta": {},
                        "tainted": false
                    },
                    "deposed": [],
                    "provider": "provider.ibm"
                },
                "ibm_compute_vm_instance.sao01": {
                    "type": "ibm_compute_vm_instance",
                    "depends_on": [
                        "data.ibm_compute_ssh_key.key_1",
                        "data.ibm_dns_domain.domain_vm"
                    ],
                    "primary": {
                        "id": "81281005",
                        "attributes": {
                            "block_storage_ids.#": "0",
                            "cores": "1",
                            "datacenter": "sao01",
                            "dedicated_acct_host_only": "false",
                            "disks.#": "0",
                            "domain": "inppyyoo.net",
                            "file_storage_ids.#": "0",
                            "flavor_key_name": "B1_1X2X25",
                            "hostname": "sao01",
                            "hourly_billing": "true",
                            "id": "81281005",
                            "ip_address_id": "133387491",
                            "ip_address_id_private": "133389141",
                            "ipv4_address": "169.57.219.2",
                            "ipv4_address_private": "10.150.22.195",
                            "ipv6_enabled": "false",
                            "ipv6_static_enabled": "false",
                            "local_disk": "false",
                            "memory": "2048",
                            "network_speed": "100",
                            "notes": "",
                            "os_reference_code": "UBUNTU_16_64",
                            "private_interface_id": "49148913",
                            "private_network_only": "false",
                            "private_security_group_ids.#": "0",
                            "private_subnet": "10.150.22.192/26",
                            "private_subnet_id": "1045615",
                            "private_vlan_id": "2626957",
                            "public_bandwidth_unlimited": "false",
                            "public_interface_id": "49148915",
                            "public_security_group_ids.#": "0",
                            "public_subnet": "169.57.219.0/28",
                            "public_subnet_id": "2087353",
                            "public_vlan_id": "2626951",
                            "secondary_ip_addresses.#": "0",
                            "ssh_key_ids.#": "1",
                            "ssh_key_ids.1432849": "1432849",
                            "tags.#": "1",
                            "tags.3608948244": "ping-test",
                            "transient": "true",
                            "wait_time_minutes": "15"
                        },
                        "meta": {},
                        "tainted": false
                    },
                    "deposed": [],
                    "provider": "provider.ibm"
                },
                "ibm_compute_vm_instance.sjc04": {
                    "type": "ibm_compute_vm_instance",
                    "depends_on": [
                        "data.ibm_compute_ssh_key.key_1",
                        "data.ibm_dns_domain.domain_vm"
                    ],
                    "primary": {
                        "id": "81280997",
                        "attributes": {
                            "block_storage_ids.#": "0",
                            "cores": "1",
                            "datacenter": "sjc04",
                            "dedicated_acct_host_only": "false",
                            "disks.#": "0",
                            "domain": "inppyyoo.net",
                            "file_storage_ids.#": "0",
                            "flavor_key_name": "B1_1X2X25",
                            "hostname": "sjc04",
                            "hourly_billing": "true",
                            "id": "81280997",
                            "ip_address_id": "133386625",
                            "ip_address_id_private": "133388517",
                            "ipv4_address": "169.62.101.178",
                            "ipv4_address_private": "10.87.107.216",
                            "ipv6_enabled": "false",
                            "ipv6_static_enabled": "false",
                            "local_disk": "false",
                            "memory": "2048",
                            "network_speed": "100",
                            "notes": "",
                            "os_reference_code": "UBUNTU_16_64",
                            "private_interface_id": "49148897",
                            "private_network_only": "false",
                            "private_security_group_ids.#": "0",
                            "private_subnet": "10.87.107.192/26",
                            "private_subnet_id": "1793847",
                            "private_vlan_id": "2626943",
                            "public_bandwidth_unlimited": "false",
                            "public_interface_id": "49148899",
                            "public_security_group_ids.#": "0",
                            "public_subnet": "169.62.101.176/28",
                            "public_subnet_id": "2095189",
                            "public_vlan_id": "2626937",
                            "secondary_ip_addresses.#": "0",
                            "ssh_key_ids.#": "1",
                            "ssh_key_ids.1432849": "1432849",
                            "tags.#": "1",
                            "tags.3608948244": "ping-test",
                            "transient": "true",
                            "wait_time_minutes": "15"
                        },
                        "meta": {},
                        "tainted": false
                    },
                    "deposed": [],
                    "provider": "provider.ibm"
                },
                "ibm_compute_vm_instance.sng01": {
                    "type": "ibm_compute_vm_instance",
                    "depends_on": [
                        "data.ibm_compute_ssh_key.key_1",
                        "data.ibm_dns_domain.domain_vm"
                    ],
                    "primary": {
                        "id": "81281009",
                        "attributes": {
                            "block_storage_ids.#": "0",
                            "cores": "1",
                            "datacenter": "sng01",
                            "dedicated_acct_host_only": "false",
                            "disks.#": "0",
                            "domain": "inppyyoo.net",
                            "file_storage_ids.#": "0",
                            "flavor_key_name": "B1_1X2X25",
                            "hostname": "sng01",
                            "hourly_billing": "true",
                            "id": "81281009",
                            "ip_address_id": "133388891",
                            "ip_address_id_private": "133389549",
                            "ipv4_address": "161.202.163.35",
                            "ipv4_address_private": "10.117.2.200",
                            "ipv6_enabled": "false",
                            "ipv6_static_enabled": "false",
                            "local_disk": "false",
                            "memory": "2048",
                            "network_speed": "100",
                            "notes": "",
                            "os_reference_code": "UBUNTU_16_64",
                            "private_interface_id": "49148901",
                            "private_network_only": "false",
                            "private_security_group_ids.#": "0",
                            "private_subnet": "10.117.2.192/26",
                            "private_subnet_id": "1289529",
                            "private_vlan_id": "2626965",
                            "public_bandwidth_unlimited": "false",
                            "public_interface_id": "49148903",
                            "public_security_group_ids.#": "0",
                            "public_subnet": "161.202.163.32/28",
                            "public_subnet_id": "1028563",
                            "public_vlan_id": "2626961",
                            "secondary_ip_addresses.#": "0",
                            "ssh_key_ids.#": "1",
                            "ssh_key_ids.1432849": "1432849",
                            "tags.#": "1",
                            "tags.3608948244": "ping-test",
                            "transient": "true",
                            "wait_time_minutes": "15"
                        },
                        "meta": {},
                        "tainted": false
                    },
                    "deposed": [],
                    "provider": "provider.ibm"
                },
                "ibm_compute_vm_instance.wdc07": {
                    "type": "ibm_compute_vm_instance",
                    "depends_on": [
                        "data.ibm_compute_ssh_key.key_1",
                        "data.ibm_dns_domain.domain_vm"
                    ],
                    "primary": {
                        "id": "81281003",
                        "attributes": {
                            "block_storage_ids.#": "0",
                            "cores": "1",
                            "datacenter": "wdc07",
                            "dedicated_acct_host_only": "false",
                            "disks.#": "0",
                            "domain": "inppyyoo.net",
                            "file_storage_ids.#": "0",
                            "flavor_key_name": "B1_1X2X25",
                            "hostname": "wdc07",
                            "hourly_billing": "true",
                            "id": "81281003",
                            "ip_address_id": "133388343",
                            "ip_address_id_private": "133388803",
                            "ipv4_address": "169.61.94.51",
                            "ipv4_address_private": "10.191.52.40",
                            "ipv6_enabled": "false",
                            "ipv6_static_enabled": "false",
                            "local_disk": "false",
                            "memory": "2048",
                            "network_speed": "100",
                            "notes": "",
                            "os_reference_code": "UBUNTU_16_64",
                            "private_interface_id": "49148905",
                            "private_network_only": "false",
                            "private_security_group_ids.#": "0",
                            "private_subnet": "10.191.52.0/26",
                            "private_subnet_id": "1967081",
                            "private_vlan_id": "2626947",
                            "public_bandwidth_unlimited": "false",
                            "public_interface_id": "49148907",
                            "public_security_group_ids.#": "0",
                            "public_subnet": "169.61.94.48/28",
                            "public_subnet_id": "1609891",
                            "public_vlan_id": "2626939",
                            "secondary_ip_addresses.#": "0",
                            "ssh_key_ids.#": "1",
                            "ssh_key_ids.1432849": "1432849",
                            "tags.#": "1",
                            "tags.3608948244": "ping-test",
                            "transient": "true",
                            "wait_time_minutes": "15"
                        },
                        "meta": {},
                        "tainted": true
                    },
                    "deposed": [],
                    "provider": "provider.ibm"
                }
            },
            "depends_on": []
        }
    ]
}
