{
    "version": 3,
    "terraform_version": "0.11.11",
    "serial": 79,
    "lineage": "ff629c9f-3006-e6a4-b900-c95e77260437",
    "modules": [
        {
            "path": [
                "root"
            ],
            "outputs": {},
            "resources": {
                "data.ibm_compute_ssh_key.key_1": {
                    "type": "ibm_compute_ssh_key",
                    "depends_on": [],
                    "primary": {
                        "id": "1432849",
                        "attributes": {
                            "fingerprint": "49:73:76:5d:83:a4:dc:9c:57:c4:f7:5b:17:af:b6:a9",
                            "id": "1432849",
                            "label": "y19m05",
                            "most_recent": "false",
                            "notes": "",
                            "public_key": "ssh-rsa AAAAB3NzaC1yc2EAAAADAQABAAACAQDawgux7227+hFO/j8I81J3QfUQI2qKCVSrvQ+z2Z2rouyAwUILknR0GNCxOg9nePSheBhlywkOJwVYHBvxFHoLDNcYJQONqYEevi/Pcoin52wmamGwLwozGpmA1O7yXRJPOovCiGHTuHNr7hKvlkOJLwIoGX9YdxirAdlpvIJ479u8hJtNebAehsRjqxrgpeGQFbksx7hLytY0GUORplR7V3RKT9VHJxeiJLypcOMqVKrOuqhxITJ/SQ9SaijnDscZRMVu5kJJzaT5mzw080imw8sGrDj1C9Sh7zV9c9Fedtc5RJEZSXu8ZRElQkZ1XDpZeviHTwlBaFSJm6A7MysEE4M7PNGAjjPUswo85mMWenI751k+1N6t+wqh6kCxkqbBLrRTjfpDLfUOYLPDrS3NwgsTuk3Ry0dVIGO2lgyfsfMjFAGZpMpMpO0lB8TVjtdzDKjbgkucP2LESfUyYiGaafCKxYzTeJQwTqEy2JnKfqKYpD2oSBlokxMVOlMT2Y7hOwdgdPovimbusJ9FABCRuAlVExRk4mzVDJAZZk5UNyYGITwS4ZO7nOOwrZ9uTBQquGWuc6V9LSROSSVAFK4pUM0ySIG31Tkvjd98hOCy9lWhLFetnxKkMvKb3DP9EuSDNLUk89oshyvSZB0hTq/iWIbouJnq37D0TIqAc4GV3w== honginpyo1@hanmail.net"
                        },
                        "meta": {},
                        "tainted": false
                    },
                    "deposed": [],
                    "provider": "provider.ibm"
                },
                "data.ibm_dns_domain.domain_vm": {
                    "type": "ibm_dns_domain",
                    "depends_on": [],
                    "primary": {
                        "id": "2607589",
                        "attributes": {
                            "id": "2607589",
                            "name": "inppyyoo.net"
                        },
                        "meta": {},
                        "tainted": false
                    },
                    "deposed": [],
                    "provider": "provider.ibm"
                },
                "ibm_compute_vm_instance.che01": {
                    "type": "ibm_compute_vm_instance",
                    "depends_on": [
                        "data.ibm_compute_ssh_key.key_1",
                        "data.ibm_dns_domain.domain_vm"
                    ],
                    "primary": {
                        "id": "81220747",
                        "attributes": {
                            "block_storage_ids.#": "0",
                            "cores": "1",
                            "datacenter": "che01",
                            "dedicated_acct_host_only": "false",
                            "disks.#": "0",
                            "domain": "inppyyoo.net",
                            "file_storage_ids.#": "0",
                            "flavor_key_name": "B1_1X2X25",
                            "hostname": "che01",
                            "hourly_billing": "true",
                            "id": "81220747",
                            "ip_address_id": "133389029",
                            "ip_address_id_private": "133389311",
                            "ipv4_address": "169.38.93.106",
                            "ipv4_address_private": "10.162.127.3",
                            "ipv6_enabled": "false",
                            "ipv6_static_enabled": "false",
                            "local_disk": "false",
                            "memory": "2048",
                            "network_speed": "100",
                            "notes": "",
                            "os_reference_code": "UBUNTU_16_64",
                            "private_interface_id": "49091985",
                            "private_network_only": "false",
                            "private_security_group_ids.#": "0",
                            "private_subnet": "10.162.127.0/26",
                            "private_subnet_id": "1481503",
                            "private_vlan_id": "2626959",
                            "public_bandwidth_unlimited": "false",
                            "public_interface_id": "49091993",
                            "public_security_group_ids.#": "0",
                            "public_subnet": "169.38.93.96/28",
                            "public_subnet_id": "1429293",
                            "public_vlan_id": "2626953",
                            "secondary_ip_addresses.#": "0",
                            "ssh_key_ids.#": "1",
                            "ssh_key_ids.1432849": "1432849",
                            "tags.#": "1",
                            "tags.3608948244": "ping-test",
                            "transient": "true",
                            "wait_time_minutes": "15"
                        },
                        "meta": {},
                        "tainted": true
                    },
                    "deposed": [],
                    "provider": "provider.ibm"
                },
                "ibm_compute_vm_instance.fra05": {
                    "type": "ibm_compute_vm_instance",
                    "depends_on": [
                        "data.ibm_compute_ssh_key.key_1",
                        "data.ibm_dns_domain.domain_vm"
                    ],
                    "primary": {
                        "id": "81220741",
                        "attributes": {
                            "block_storage_ids.#": "0",
                            "cores": "1",
                            "datacenter": "fra05",
                            "dedicated_acct_host_only": "false",
                            "disks.#": "0",
                            "domain": "inppyyoo.net",
                            "file_storage_ids.#": "0",
                            "flavor_key_name": "B1_1X2X25",
                            "hostname": "fra05",
                            "hourly_billing": "true",
                            "id": "81220741",
                            "ip_address_id": "133388005",
                            "ip_address_id_private": "133388053",
                            "ipv4_address": "149.81.108.34",
                            "ipv4_address_private": "10.123.47.2",
                            "ipv6_enabled": "false",
                            "ipv6_static_enabled": "false",
                            "local_disk": "false",
                            "memory": "2048",
                            "network_speed": "100",
                            "notes": "",
                            "os_reference_code": "UBUNTU_16_64",
                            "private_interface_id": "49091961",
                            "private_network_only": "false",
                            "private_security_group_ids.#": "0",
                            "private_subnet": "10.123.47.0/26",
                            "private_subnet_id": "1804663",
                            "private_vlan_id": "2626949",
                            "public_bandwidth_unlimited": "false",
                            "public_interface_id": "49091963",
                            "public_security_group_ids.#": "0",
                            "public_subnet": "149.81.108.32/28",
                            "public_subnet_id": "2024065",
                            "public_vlan_id": "2626935",
                            "secondary_ip_addresses.#": "0",
                            "ssh_key_ids.#": "1",
                            "ssh_key_ids.1432849": "1432849",
                            "tags.#": "1",
                            "tags.3608948244": "ping-test",
                            "transient": "true",
                            "wait_time_minutes": "15"
                        },
                        "meta": {},
                        "tainted": true
                    },
                    "deposed": [],
                    "provider": "provider.ibm"
                },
                "ibm_compute_vm_instance.lon06": {
                    "type": "ibm_compute_vm_instance",
                    "depends_on": [
                        "data.ibm_compute_ssh_key.key_1",
                        "data.ibm_dns_domain.domain_vm"
                    ],
                    "primary": {
                        "id": "81220737",
                        "attributes": {
                            "block_storage_ids.#": "0",
                            "cores": "1",
                            "datacenter": "lon06",
                            "dedicated_acct_host_only": "false",
                            "disks.#": "0",
                            "domain": "inppyyoo.net",
                            "file_storage_ids.#": "0",
                            "flavor_key_name": "B1_1X2X25",
                            "hostname": "lon06",
                            "hourly_billing": "true",
                            "id": "81220737",
                            "ip_address_id": "133389049",
                            "ip_address_id_private": "133389463",
                            "ipv4_address": "158.176.86.212",
                            "ipv4_address_private": "10.72.174.207",
                            "ipv6_enabled": "false",
                            "ipv6_static_enabled": "false",
                            "local_disk": "false",
                            "memory": "2048",
                            "network_speed": "100",
                            "notes": "",
                            "os_reference_code": "UBUNTU_16_64",
                            "private_interface_id": "49091957",
                            "private_network_only": "false",
                            "private_security_group_ids.#": "0",
                            "private_subnet": "10.72.174.192/26",
                            "private_subnet_id": "2005103",
                            "private_vlan_id": "2626963",
                            "public_bandwidth_unlimited": "false",
                            "public_interface_id": "49091959",
                            "public_security_group_ids.#": "0",
                            "public_subnet": "158.176.86.208/28",
                            "public_subnet_id": "1746979",
                            "public_vlan_id": "2626955",
                            "secondary_ip_addresses.#": "0",
                            "ssh_key_ids.#": "1",
                            "ssh_key_ids.1432849": "1432849",
                            "tags.#": "1",
                            "tags.3608948244": "ping-test",
                            "transient": "true",
                            "wait_time_minutes": "15"
                        },
                        "meta": {},
                        "tainted": true
                    },
                    "deposed": [],
                    "provider": "provider.ibm"
                },
                "ibm_compute_vm_instance.mon01": {
                    "type": "ibm_compute_vm_instance",
                    "depends_on": [
                        "data.ibm_compute_ssh_key.key_1",
                        "data.ibm_dns_domain.domain_vm"
                    ],
                    "primary": {
                        "id": "81220773",
                        "attributes": {
                            "block_storage_ids.#": "0",
                            "cores": "1",
                            "datacenter": "mon01",
                            "dedicated_acct_host_only": "false",
                            "disks.#": "0",
                            "domain": "inppyyoo.net",
                            "file_storage_ids.#": "0",
                            "flavor_key_name": "B1_1X2X25",
                            "hostname": "mon01",
                            "hourly_billing": "true",
                            "id": "81220773",
                            "ip_address_id": "133388119",
                            "ip_address_id_private": "133388167",
                            "ipv4_address": "169.45.53.147",
                            "ipv4_address_private": "10.182.26.3",
                            "ipv6_enabled": "false",
                            "ipv6_static_enabled": "false",
                            "local_disk": "false",
                            "memory": "2048",
                            "network_speed": "100",
                            "notes": "",
                            "os_reference_code": "UBUNTU_16_64",
                            "private_interface_id": "49092001",
                            "private_network_only": "false",
                            "private_security_group_ids.#": "0",
                            "private_subnet": "10.182.26.0/26",
                            "private_subnet_id": "1261655",
                            "private_vlan_id": "2626941",
                            "public_bandwidth_unlimited": "false",
                            "public_interface_id": "49092003",
                            "public_security_group_ids.#": "0",
                            "public_subnet": "169.45.53.144/28",
                            "public_subnet_id": "2080797",
                            "public_vlan_id": "2626931",
                            "secondary_ip_addresses.#": "0",
                            "ssh_key_ids.#": "1",
                            "ssh_key_ids.1432849": "1432849",
                            "tags.#": "1",
                            "tags.3608948244": "ping-test",
                            "transient": "true",
                            "wait_time_minutes": "15"
                        },
                        "meta": {},
                        "tainted": true
                    },
                    "deposed": [],
                    "provider": "provider.ibm"
                },
                "ibm_compute_vm_instance.sao01": {
                    "type": "ibm_compute_vm_instance",
                    "depends_on": [
                        "data.ibm_compute_ssh_key.key_1",
                        "data.ibm_dns_domain.domain_vm"
                    ],
                    "primary": {
                        "id": "81220751",
                        "attributes": {
                            "block_storage_ids.#": "0",
                            "cores": "1",
                            "datacenter": "sao01",
                            "dedicated_acct_host_only": "false",
                            "disks.#": "0",
                            "domain": "inppyyoo.net",
                            "file_storage_ids.#": "0",
                            "flavor_key_name": "B1_1X2X25",
                            "hostname": "sao01",
                            "hourly_billing": "true",
                            "id": "81220751",
                            "ip_address_id": "133389101",
                            "ip_address_id_private": "133389165",
                            "ipv4_address": "169.57.219.7",
                            "ipv4_address_private": "10.150.22.207",
                            "ipv6_enabled": "false",
                            "ipv6_static_enabled": "false",
                            "local_disk": "false",
                            "memory": "2048",
                            "network_speed": "100",
                            "notes": "",
                            "os_reference_code": "UBUNTU_16_64",
                            "private_interface_id": "49091973",
                            "private_network_only": "false",
                            "private_security_group_ids.#": "0",
                            "private_subnet": "10.150.22.192/26",
                            "private_subnet_id": "1045615",
                            "private_vlan_id": "2626957",
                            "public_bandwidth_unlimited": "false",
                            "public_interface_id": "49091979",
                            "public_security_group_ids.#": "0",
                            "public_subnet": "169.57.219.0/28",
                            "public_subnet_id": "2087353",
                            "public_vlan_id": "2626951",
                            "secondary_ip_addresses.#": "0",
                            "ssh_key_ids.#": "1",
                            "ssh_key_ids.1432849": "1432849",
                            "tags.#": "1",
                            "tags.3608948244": "ping-test",
                            "transient": "true",
                            "wait_time_minutes": "15"
                        },
                        "meta": {},
                        "tainted": true
                    },
                    "deposed": [],
                    "provider": "provider.ibm"
                },
                "ibm_compute_vm_instance.seo01": {
                    "type": "ibm_compute_vm_instance",
                    "depends_on": [
                        "data.ibm_compute_ssh_key.key_1",
                        "data.ibm_dns_domain.domain_vm"
                    ],
                    "primary": {
                        "id": "81220743",
                        "attributes": {
                            "block_storage_ids.#": "0",
                            "cores": "1",
                            "datacenter": "seo01",
                            "dedicated_acct_host_only": "false",
                            "disks.#": "0",
                            "domain": "inppyyoo.net",
                            "file_storage_ids.#": "0",
                            "flavor_key_name": "B1_1X2X25",
                            "hostname": "seo01",
                            "hourly_billing": "true",
                            "id": "81220743",
                            "ip_address_id": "106705055",
                            "ip_address_id_private": "106705371",
                            "ipv4_address": "169.56.94.68",
                            "ipv4_address_private": "10.178.24.102",
                            "ipv6_enabled": "false",
                            "ipv6_static_enabled": "false",
                            "local_disk": "false",
                            "memory": "2048",
                            "network_speed": "100",
                            "notes": "",
                            "os_reference_code": "UBUNTU_16_64",
                            "private_interface_id": "49091969",
                            "private_network_only": "false",
                            "private_security_group_ids.#": "0",
                            "private_subnet": "10.178.24.64/26",
                            "private_subnet_id": "1285279",
                            "private_vlan_id": "2241471",
                            "public_bandwidth_unlimited": "false",
                            "public_interface_id": "49091971",
                            "public_security_group_ids.#": "0",
                            "public_subnet": "169.56.94.64/28",
                            "public_subnet_id": "1478959",
                            "public_vlan_id": "2241469",
                            "secondary_ip_addresses.#": "0",
                            "ssh_key_ids.#": "1",
                            "ssh_key_ids.1432849": "1432849",
                            "tags.#": "1",
                            "tags.3608948244": "ping-test",
                            "transient": "true",
                            "wait_time_minutes": "15"
                        },
                        "meta": {},
                        "tainted": true
                    },
                    "deposed": [],
                    "provider": "provider.ibm"
                },
                "ibm_compute_vm_instance.sjc04": {
                    "type": "ibm_compute_vm_instance",
                    "depends_on": [
                        "data.ibm_compute_ssh_key.key_1",
                        "data.ibm_dns_domain.domain_vm"
                    ],
                    "primary": {
                        "id": "81220767",
                        "attributes": {
                            "block_storage_ids.#": "0",
                            "cores": "1",
                            "datacenter": "sjc04",
                            "dedicated_acct_host_only": "false",
                            "disks.#": "0",
                            "domain": "inppyyoo.net",
                            "file_storage_ids.#": "0",
                            "flavor_key_name": "B1_1X2X25",
                            "hostname": "sjc04",
                            "hourly_billing": "true",
                            "id": "81220767",
                            "ip_address_id": "133386631",
                            "ip_address_id_private": "133388517",
                            "ipv4_address": "169.62.101.181",
                            "ipv4_address_private": "10.87.107.216",
                            "ipv6_enabled": "false",
                            "ipv6_static_enabled": "false",
                            "local_disk": "false",
                            "memory": "2048",
                            "network_speed": "100",
                            "notes": "",
                            "os_reference_code": "UBUNTU_16_64",
                            "private_interface_id": "49091975",
                            "private_network_only": "false",
                            "private_security_group_ids.#": "0",
                            "private_subnet": "10.87.107.192/26",
                            "private_subnet_id": "1793847",
                            "private_vlan_id": "2626943",
                            "public_bandwidth_unlimited": "false",
                            "public_interface_id": "49091981",
                            "public_security_group_ids.#": "0",
                            "public_subnet": "169.62.101.176/28",
                            "public_subnet_id": "2095189",
                            "public_vlan_id": "2626937",
                            "secondary_ip_addresses.#": "0",
                            "ssh_key_ids.#": "1",
                            "ssh_key_ids.1432849": "1432849",
                            "tags.#": "1",
                            "tags.3608948244": "ping-test",
                            "transient": "true",
                            "wait_time_minutes": "15"
                        },
                        "meta": {},
                        "tainted": true
                    },
                    "deposed": [],
                    "provider": "provider.ibm"
                },
                "ibm_compute_vm_instance.sng01": {
                    "type": "ibm_compute_vm_instance",
                    "depends_on": [
                        "data.ibm_compute_ssh_key.key_1",
                        "data.ibm_dns_domain.domain_vm"
                    ],
                    "primary": {
                        "id": "81220753",
                        "attributes": {
                            "block_storage_ids.#": "0",
                            "cores": "1",
                            "datacenter": "sng01",
                            "dedicated_acct_host_only": "false",
                            "disks.#": "0",
                            "domain": "inppyyoo.net",
                            "file_storage_ids.#": "0",
                            "flavor_key_name": "B1_1X2X25",
                            "hostname": "sng01",
                            "hourly_billing": "true",
                            "id": "81220753",
                            "ip_address_id": "133389503",
                            "ip_address_id_private": "133389571",
                            "ipv4_address": "161.202.163.41",
                            "ipv4_address_private": "10.117.2.211",
                            "ipv6_enabled": "false",
                            "ipv6_static_enabled": "false",
                            "local_disk": "false",
                            "memory": "2048",
                            "network_speed": "100",
                            "notes": "",
                            "os_reference_code": "UBUNTU_16_64",
                            "private_interface_id": "49091977",
                            "private_network_only": "false",
                            "private_security_group_ids.#": "0",
                            "private_subnet": "10.117.2.192/26",
                            "private_subnet_id": "1289529",
                            "private_vlan_id": "2626965",
                            "public_bandwidth_unlimited": "false",
                            "public_interface_id": "49091983",
                            "public_security_group_ids.#": "0",
                            "public_subnet": "161.202.163.32/28",
                            "public_subnet_id": "1028563",
                            "public_vlan_id": "2626961",
                            "secondary_ip_addresses.#": "0",
                            "ssh_key_ids.#": "1",
                            "ssh_key_ids.1432849": "1432849",
                            "tags.#": "1",
                            "tags.3608948244": "ping-test",
                            "transient": "true",
                            "wait_time_minutes": "15"
                        },
                        "meta": {},
                        "tainted": true
                    },
                    "deposed": [],
                    "provider": "provider.ibm"
                },
                "ibm_compute_vm_instance.syd05": {
                    "type": "ibm_compute_vm_instance",
                    "depends_on": [
                        "data.ibm_compute_ssh_key.key_1",
                        "data.ibm_dns_domain.domain_vm"
                    ],
                    "primary": {
                        "id": "81220745",
                        "attributes": {
                            "block_storage_ids.#": "0",
                            "cores": "1",
                            "datacenter": "syd05",
                            "dedicated_acct_host_only": "false",
                            "disks.#": "0",
                            "domain": "inppyyoo.net",
                            "file_storage_ids.#": "0",
                            "flavor_key_name": "B1_1X2X25",
                            "hostname": "syd05",
                            "hourly_billing": "true",
                            "id": "81220745",
                            "ip_address_id": "133388345",
                            "ip_address_id_private": "133388461",
                            "ipv4_address": "135.90.65.202",
                            "ipv4_address_private": "10.195.17.210",
                            "ipv6_enabled": "false",
                            "ipv6_static_enabled": "false",
                            "local_disk": "false",
                            "memory": "2048",
                            "network_speed": "100",
                            "notes": "",
                            "os_reference_code": "UBUNTU_16_64",
                            "private_interface_id": "49091997",
                            "private_network_only": "false",
                            "private_security_group_ids.#": "0",
                            "private_subnet": "10.195.17.192/26",
                            "private_subnet_id": "1989275",
                            "private_vlan_id": "2626945",
                            "public_bandwidth_unlimited": "false",
                            "public_interface_id": "49091999",
                            "public_security_group_ids.#": "0",
                            "public_subnet": "135.90.65.192/28",
                            "public_subnet_id": "1925521",
                            "public_vlan_id": "2626933",
                            "secondary_ip_addresses.#": "0",
                            "ssh_key_ids.#": "1",
                            "ssh_key_ids.1432849": "1432849",
                            "tags.#": "1",
                            "tags.3608948244": "ping-test",
                            "transient": "true",
                            "wait_time_minutes": "15"
                        },
                        "meta": {},
                        "tainted": true
                    },
                    "deposed": [],
                    "provider": "provider.ibm"
                },
                "ibm_compute_vm_instance.wdc07": {
                    "type": "ibm_compute_vm_instance",
                    "depends_on": [
                        "data.ibm_compute_ssh_key.key_1",
                        "data.ibm_dns_domain.domain_vm"
                    ],
                    "primary": {
                        "id": "81220755",
                        "attributes": {
                            "block_storage_ids.#": "0",
                            "cores": "1",
                            "datacenter": "wdc07",
                            "dedicated_acct_host_only": "false",
                            "disks.#": "0",
                            "domain": "inppyyoo.net",
                            "file_storage_ids.#": "0",
                            "flavor_key_name": "B1_1X2X25",
                            "hostname": "wdc07",
                            "hourly_billing": "true",
                            "id": "81220755",
                            "ip_address_id": "133388343",
                            "ip_address_id_private": "133388803",
                            "ipv4_address": "169.61.94.51",
                            "ipv4_address_private": "10.191.52.40",
                            "ipv6_enabled": "false",
                            "ipv6_static_enabled": "false",
                            "local_disk": "false",
                            "memory": "2048",
                            "network_speed": "100",
                            "notes": "",
                            "os_reference_code": "UBUNTU_16_64",
                            "private_interface_id": "49091965",
                            "private_network_only": "false",
                            "private_security_group_ids.#": "0",
                            "private_subnet": "10.191.52.0/26",
                            "private_subnet_id": "1967081",
                            "private_vlan_id": "2626947",
                            "public_bandwidth_unlimited": "false",
                            "public_interface_id": "49091967",
                            "public_security_group_ids.#": "0",
                            "public_subnet": "169.61.94.48/28",
                            "public_subnet_id": "1609891",
                            "public_vlan_id": "2626939",
                            "secondary_ip_addresses.#": "0",
                            "ssh_key_ids.#": "1",
                            "ssh_key_ids.1432849": "1432849",
                            "tags.#": "1",
                            "tags.3608948244": "ping-test",
                            "transient": "true",
                            "wait_time_minutes": "15"
                        },
                        "meta": {},
                        "tainted": true
                    },
                    "deposed": [],
                    "provider": "provider.ibm"
                }
            },
            "depends_on": []
        }
    ]
}
