{
    "version": 3,
    "terraform_version": "0.11.11",
    "serial": 74,
    "lineage": "ff629c9f-3006-e6a4-b900-c95e77260437",
    "modules": [
        {
            "path": [
                "root"
            ],
            "outputs": {},
            "resources": {
                "data.ibm_compute_ssh_key.key_1": {
                    "type": "ibm_compute_ssh_key",
                    "depends_on": [],
                    "primary": {
                        "id": "1432849",
                        "attributes": {
                            "fingerprint": "49:73:76:5d:83:a4:dc:9c:57:c4:f7:5b:17:af:b6:a9",
                            "id": "1432849",
                            "label": "y19m05",
                            "most_recent": "false",
                            "notes": "",
                            "public_key": "ssh-rsa AAAAB3NzaC1yc2EAAAADAQABAAACAQDawgux7227+hFO/j8I81J3QfUQI2qKCVSrvQ+z2Z2rouyAwUILknR0GNCxOg9nePSheBhlywkOJwVYHBvxFHoLDNcYJQONqYEevi/Pcoin52wmamGwLwozGpmA1O7yXRJPOovCiGHTuHNr7hKvlkOJLwIoGX9YdxirAdlpvIJ479u8hJtNebAehsRjqxrgpeGQFbksx7hLytY0GUORplR7V3RKT9VHJxeiJLypcOMqVKrOuqhxITJ/SQ9SaijnDscZRMVu5kJJzaT5mzw080imw8sGrDj1C9Sh7zV9c9Fedtc5RJEZSXu8ZRElQkZ1XDpZeviHTwlBaFSJm6A7MysEE4M7PNGAjjPUswo85mMWenI751k+1N6t+wqh6kCxkqbBLrRTjfpDLfUOYLPDrS3NwgsTuk3Ry0dVIGO2lgyfsfMjFAGZpMpMpO0lB8TVjtdzDKjbgkucP2LESfUyYiGaafCKxYzTeJQwTqEy2JnKfqKYpD2oSBlokxMVOlMT2Y7hOwdgdPovimbusJ9FABCRuAlVExRk4mzVDJAZZk5UNyYGITwS4ZO7nOOwrZ9uTBQquGWuc6V9LSROSSVAFK4pUM0ySIG31Tkvjd98hOCy9lWhLFetnxKkMvKb3DP9EuSDNLUk89oshyvSZB0hTq/iWIbouJnq37D0TIqAc4GV3w== honginpyo1@hanmail.net"
                        },
                        "meta": {},
                        "tainted": false
                    },
                    "deposed": [],
                    "provider": "provider.ibm"
                },
                "data.ibm_dns_domain.domain_vm": {
                    "type": "ibm_dns_domain",
                    "depends_on": [],
                    "primary": {
                        "id": "2607589",
                        "attributes": {
                            "id": "2607589",
                            "name": "inppyyoo.net"
                        },
                        "meta": {},
                        "tainted": false
                    },
                    "deposed": [],
                    "provider": "provider.ibm"
                },
                "ibm_compute_vm_instance.vm_iccs": {
                    "type": "ibm_compute_vm_instance",
                    "depends_on": [
                        "data.ibm_compute_ssh_key.key_1",
                        "data.ibm_dns_domain.domain_vm"
                    ],
                    "primary": {
                        "id": "81215685",
                        "attributes": {
                            "block_storage_ids.#": "0",
                            "cores": "1",
                            "datacenter": "seo01",
                            "dedicated_acct_host_only": "false",
                            "disks.#": "0",
                            "domain": "inppyyoo.net",
                            "file_storage_ids.#": "0",
                            "flavor_key_name": "B1_1X2X25",
                            "hostname": "ping01",
                            "hourly_billing": "true",
                            "id": "81215685",
                            "ip_address_id": "106705055",
                            "ip_address_id_private": "106705371",
                            "ipv4_address": "169.56.94.68",
                            "ipv4_address_private": "10.178.24.102",
                            "ipv6_enabled": "false",
                            "ipv6_static_enabled": "false",
                            "local_disk": "false",
                            "memory": "2048",
                            "network_speed": "100",
                            "notes": "",
                            "os_reference_code": "UBUNTU_16_64",
                            "private_interface_id": "49087205",
                            "private_network_only": "false",
                            "private_security_group_ids.#": "0",
                            "private_subnet": "10.178.24.64/26",
                            "private_subnet_id": "1285279",
                            "private_vlan_id": "2241471",
                            "public_bandwidth_unlimited": "false",
                            "public_interface_id": "49087207",
                            "public_security_group_ids.#": "0",
                            "public_subnet": "169.56.94.64/28",
                            "public_subnet_id": "1478959",
                            "public_vlan_id": "2241469",
                            "secondary_ip_addresses.#": "0",
                            "ssh_key_ids.#": "1",
                            "ssh_key_ids.1432849": "1432849",
                            "tags.#": "1",
                            "tags.3608948244": "ping-test",
                            "transient": "true",
                            "wait_time_minutes": "15"
                        },
                        "meta": {},
                        "tainted": false
                    },
                    "deposed": [],
                    "provider": "provider.ibm"
                }
            },
            "depends_on": []
        }
    ]
}
